
Microsoft Visual Studio Solution File, Format Version 12.00
# Visual Studio Version 17
VisualStudioVersion = 17.9.34728.123
MinimumVisualStudioVersion = 10.0.40219.1
Project("{FAE04EC0-301F-11D3-BF4B-00C04F79EFBC}") = "LaRottaO.CSharp.CarSimDashboard", "LaRottaO.CSharp.CarSimDashboard\LaRottaO.CSharp.CarSimDashboard.csproj", "{01055D9C-9782-4DFC-8921-B2B2142FE256}"
EndProject
Global
	GlobalSection(SolutionConfigurationPlatforms) = preSolution
		Debug|Any CPU = Debug|Any CPU
		Release|Any CPU = Release|Any CPU
	EndGlobalSection
	GlobalSection(ProjectConfigurationPlatforms) = postSolution
		{01055D9C-9782-4DFC-8921-B2B2142FE256}.Debug|Any CPU.ActiveCfg = Debug|Any CPU
		{01055D9C-9782-4DFC-8921-B2B2142FE256}.Debug|Any CPU.Build.0 = Debug|Any CPU
		{01055D9C-9782-4DFC-8921-B2B2142FE256}.Release|Any CPU.ActiveCfg = Release|Any CPU
		{01055D9C-9782-4DFC-8921-B2B2142FE256}.Release|Any CPU.Build.0 = Release|Any CPU
	EndGlobalSection
	GlobalSection(SolutionProperties) = preSolution
		HideSolutionNode = FALSE
	EndGlobalSection
	GlobalSection(ExtensibilityGlobals) = postSolution
		SolutionGuid = {9BE33367-599A-47F1-9F5F-07E93B19C6C9}
	EndGlobalSection
EndGlobal
